
Microsoft Visual Studio Solution File, Format Version 11.00
# Visual Studio 2010
Project("{FAE04EC0-301F-11D3-BF4B-00C04F79EFBC}") = "Characters", "Characters.csproj", "{6df10408-23bc-f201-e82e-d89b872ec46b}"
EndProject
Project("{FAE04EC0-301F-11D3-BF4B-00C04F79EFBC}") = "Input", "Input.csproj", "{e0f6f177-dbaf-990c-a151-3f5a59f6696f}"
EndProject
Project("{FAE04EC0-301F-11D3-BF4B-00C04F79EFBC}") = "Assembly-CSharp", "Assembly-CSharp.csproj", "{a59f139d-e579-cf62-169c-17d6400fdcf0}"
EndProject
Global
	GlobalSection(SolutionConfigurationPlatforms) = preSolution
		Debug|Any CPU = Debug|Any CPU
	EndGlobalSection
	GlobalSection(ProjectConfigurationPlatforms) = postSolution
		{6df10408-23bc-f201-e82e-d89b872ec46b}.Debug|Any CPU.ActiveCfg = Debug|Any CPU
		{6df10408-23bc-f201-e82e-d89b872ec46b}.Debug|Any CPU.Build.0 = Debug|Any CPU
		{e0f6f177-dbaf-990c-a151-3f5a59f6696f}.Debug|Any CPU.ActiveCfg = Debug|Any CPU
		{e0f6f177-dbaf-990c-a151-3f5a59f6696f}.Debug|Any CPU.Build.0 = Debug|Any CPU
		{a59f139d-e579-cf62-169c-17d6400fdcf0}.Debug|Any CPU.ActiveCfg = Debug|Any CPU
		{a59f139d-e579-cf62-169c-17d6400fdcf0}.Debug|Any CPU.Build.0 = Debug|Any CPU
	EndGlobalSection
	GlobalSection(SolutionProperties) = preSolution
		HideSolutionNode = FALSE
	EndGlobalSection
EndGlobal
